
Microsoft Visual Studio Solution File, Format Version 12.00
# Visual Studio Version 17
VisualStudioVersion = 17.13.35919.96 d17.13
MinimumVisualStudioVersion = 10.0.40219.1
Project("{8BC9CEB8-8B4A-11D0-8D11-00A0C91BC942}") = "0407-3", "0407-3\0407-3.vcxproj", "{AEAE13C8-F395-4739-A3F3-8B1E7D3DD414}"
EndProject
Global
	GlobalSection(SolutionConfigurationPlatforms) = preSolution
		Debug|x64 = Debug|x64
		Debug|x86 = Debug|x86
		Release|x64 = Release|x64
		Release|x86 = Release|x86
	EndGlobalSection
	GlobalSection(ProjectConfigurationPlatforms) = postSolution
		{AEAE13C8-F395-4739-A3F3-8B1E7D3DD414}.Debug|x64.ActiveCfg = Debug|x64
		{AEAE13C8-F395-4739-A3F3-8B1E7D3DD414}.Debug|x64.Build.0 = Debug|x64
		{AEAE13C8-F395-4739-A3F3-8B1E7D3DD414}.Debug|x86.ActiveCfg = Debug|Win32
		{AEAE13C8-F395-4739-A3F3-8B1E7D3DD414}.Debug|x86.Build.0 = Debug|Win32
		{AEAE13C8-F395-4739-A3F3-8B1E7D3DD414}.Release|x64.ActiveCfg = Release|x64
		{AEAE13C8-F395-4739-A3F3-8B1E7D3DD414}.Release|x64.Build.0 = Release|x64
		{AEAE13C8-F395-4739-A3F3-8B1E7D3DD414}.Release|x86.ActiveCfg = Release|Win32
		{AEAE13C8-F395-4739-A3F3-8B1E7D3DD414}.Release|x86.Build.0 = Release|Win32
	EndGlobalSection
	GlobalSection(SolutionProperties) = preSolution
		HideSolutionNode = FALSE
	EndGlobalSection
	GlobalSection(ExtensibilityGlobals) = postSolution
		SolutionGuid = {D324EA08-582E-4292-B2E8-4F9BE198A69E}
	EndGlobalSection
EndGlobal
